
Microsoft Visual Studio Solution File, Format Version 12.00
# Visual Studio Version 17
VisualStudioVersion = 17.0.31903.59
MinimumVisualStudioVersion = 10.0.40219.1
Project("{9A19103F-16F7-4668-BE54-9A1E7A4F7556}") = "MongoAuthWebApi", "MongoAuthWebApi\MongoAuthWebApi.csproj", "{3F2DFD35-5F79-46AA-BEBD-91AF5BB885F3}"
EndProject
Project("{9A19103F-16F7-4668-BE54-9A1E7A4F7556}") = "MongoAuthWebApi.Tests", "MongoAuthWebApi.Tests\MongoAuthWebApi.Tests.csproj", "{1A09E325-D121-4515-87D7-6CD1AF8E2635}"
EndProject
Project("{2150E333-8FDC-42A3-9474-1A3956D46DE8}") = "Solutions Items", "Solutions Items", "{ECB1B0F8-6D99-4FD4-840D-36612ED63819}"
	ProjectSection(SolutionItems) = preProject
		.gitignore = .gitignore
		azure-pipelines.yml = azure-pipelines.yml
		tools\docker-compose.yaml = tools\docker-compose.yaml
		README.md = README.md
	EndProjectSection
EndProject
Global
	GlobalSection(SolutionConfigurationPlatforms) = preSolution
		Debug|Any CPU = Debug|Any CPU
		Release|Any CPU = Release|Any CPU
	EndGlobalSection
	GlobalSection(ProjectConfigurationPlatforms) = postSolution
		{3F2DFD35-5F79-46AA-BEBD-91AF5BB885F3}.Debug|Any CPU.ActiveCfg = Debug|Any CPU
		{3F2DFD35-5F79-46AA-BEBD-91AF5BB885F3}.Debug|Any CPU.Build.0 = Debug|Any CPU
		{3F2DFD35-5F79-46AA-BEBD-91AF5BB885F3}.Release|Any CPU.ActiveCfg = Release|Any CPU
		{3F2DFD35-5F79-46AA-BEBD-91AF5BB885F3}.Release|Any CPU.Build.0 = Release|Any CPU
		{1A09E325-D121-4515-87D7-6CD1AF8E2635}.Debug|Any CPU.ActiveCfg = Debug|Any CPU
		{1A09E325-D121-4515-87D7-6CD1AF8E2635}.Debug|Any CPU.Build.0 = Debug|Any CPU
		{1A09E325-D121-4515-87D7-6CD1AF8E2635}.Release|Any CPU.ActiveCfg = Release|Any CPU
		{1A09E325-D121-4515-87D7-6CD1AF8E2635}.Release|Any CPU.Build.0 = Release|Any CPU
	EndGlobalSection
	GlobalSection(SolutionProperties) = preSolution
		HideSolutionNode = FALSE
	EndGlobalSection
	GlobalSection(ExtensibilityGlobals) = postSolution
		SolutionGuid = {78411807-A1CF-4D0C-B9B3-6F4B509F3C0C}
	EndGlobalSection
EndGlobal
